hash: 0ba311d87e8a9fb7e12a356d173ea8c55e2d6324fcb2b6d816f41418d0811120
updated: 2018-06-10T10:58:22.579158+02:00
imports:
- name: bazil.org/bazil
  version: 330f15046b11806ec3fa5beb66090ebd3ee4ccb0
  subpackages:
  - cas
  - cas/blobs
  - cas/chunks
  - cas/chunks/chunkutil
  - cas/chunks/kvchunks
  - cas/chunks/stash
  - idpool
  - kv
  - kv/kvfiles
- name: github.com/apple/foundationdb
  version: 9ad8d02386d4a6a5efecf898df80f2747695c627
  subpackages:
  - bindings/go/src/fdb
  - bindings/go/src/fdb/directory
  - bindings/go/src/fdb/subspace
  - bindings/go/src/fdb/tuple
- name: github.com/bazil/bazil
  version: 330f15046b11806ec3fa5beb66090ebd3ee4ccb0
- name: github.com/billziss-gh/cgofuse
  version: ea66f9809c71af94522d494d3d617545662ea59d
  subpackages:
  - examples/shared
  - fuse
- name: github.com/boltdb/bolt
  version: e9cf4fae01b5a8ff89d0ec6b32f0d9c9f79aefdd
- name: github.com/cenkalti/backoff
  version: 2ea60e5f094469f9e65adb9cd103795b73ae743e
- name: github.com/codahale/blake2
  version: 8d10d0420cbfbdc9c1164c0c4ad3457a6c3771b9
- name: github.com/gorilla/context
  version: 08b5f424b9271eedf6f9f0ce86cb9396ed337a42
- name: github.com/gorilla/mux
  version: cb4698366aa625048f3b815af6a0dea8aef9280a
- name: github.com/hashicorp/hcl
  version: ef8a98b0bbce4a65b5aa4c368430a80ddc533168
  subpackages:
  - hcl/ast
  - hcl/parser
  - hcl/scanner
  - hcl/strconv
  - hcl/token
  - json/parser
  - json/scanner
  - json/token
- name: github.com/jcuga/golongpoll
  version: 645f5b7692d8f02ab5537866ae04a00478e91e97
- name: github.com/nu7hatch/gouuid
  version: 179d4d0c4d8d407a32af483c2354df1d2c91e6c3
- name: golang.org/x/net
  version: 1c05540f6879653db88113bc4a2b70aec4bd491f
  subpackages:
  - context
testImports: []
